
Microsoft Visual Studio Solution File, Format Version 12.00
# Visual Studio Version 17
VisualStudioVersion = 17.14.36327.8 d17.14
MinimumVisualStudioVersion = 10.0.40219.1
Project("{FAE04EC0-301F-11D3-BF4B-00C04F79EFBC}") = "TollFeeCalculator", "TollFeeCalculator.csproj", "{0DDCBDC6-23CB-4769-BA29-70F5C83EF9CD}"
EndProject
Global
	GlobalSection(SolutionConfigurationPlatforms) = preSolution
		Debug|Any CPU = Debug|Any CPU
		Release|Any CPU = Release|Any CPU
	EndGlobalSection
	GlobalSection(ProjectConfigurationPlatforms) = postSolution
		{0DDCBDC6-23CB-4769-BA29-70F5C83EF9CD}.Debug|Any CPU.ActiveCfg = Debug|Any CPU
		{0DDCBDC6-23CB-4769-BA29-70F5C83EF9CD}.Debug|Any CPU.Build.0 = Debug|Any CPU
		{0DDCBDC6-23CB-4769-BA29-70F5C83EF9CD}.Release|Any CPU.ActiveCfg = Release|Any CPU
		{0DDCBDC6-23CB-4769-BA29-70F5C83EF9CD}.Release|Any CPU.Build.0 = Release|Any CPU
	EndGlobalSection
	GlobalSection(SolutionProperties) = preSolution
		HideSolutionNode = FALSE
	EndGlobalSection
	GlobalSection(ExtensibilityGlobals) = postSolution
		SolutionGuid = {21944C54-C0AB-4F88-928C-2E0BAB4B50CF}
	EndGlobalSection
EndGlobal
